
Microsoft Visual Studio Solution File, Format Version 12.00
# Visual Studio Version 16
VisualStudioVersion = 16.0.29319.158
MinimumVisualStudioVersion = 10.0.40219.1
Project("{9A19103F-16F7-4668-BE54-9A1E7A4F7556}") = "WeatherDemoApp", "WeatherDemoApp\WeatherDemoApp.csproj", "{8F0C2E91-76BB-4FB7-8731-0B22FB5FA593}"
EndProject
Global
	GlobalSection(SolutionConfigurationPlatforms) = preSolution
		Debug|Any CPU = Debug|Any CPU
		Release|Any CPU = Release|Any CPU
	EndGlobalSection
	GlobalSection(ProjectConfigurationPlatforms) = postSolution
		{8F0C2E91-76BB-4FB7-8731-0B22FB5FA593}.Debug|Any CPU.ActiveCfg = Debug|Any CPU
		{8F0C2E91-76BB-4FB7-8731-0B22FB5FA593}.Debug|Any CPU.Build.0 = Debug|Any CPU
		{8F0C2E91-76BB-4FB7-8731-0B22FB5FA593}.Release|Any CPU.ActiveCfg = Release|Any CPU
		{8F0C2E91-76BB-4FB7-8731-0B22FB5FA593}.Release|Any CPU.Build.0 = Release|Any CPU
	EndGlobalSection
	GlobalSection(SolutionProperties) = preSolution
		HideSolutionNode = FALSE
	EndGlobalSection
	GlobalSection(ExtensibilityGlobals) = postSolution
		SolutionGuid = {E5000159-1436-477E-A4DA-62EFFFE2E163}
	EndGlobalSection
EndGlobal
